# This file is automatically @generated by Cargo.
# It is not intended for manual editing.
version = 3

[[package]]
name = "lazy_mut"
version = "0.1.0"
source = "registry+https://github.com/rust-lang/crates.io-index"
checksum = "767a23ea51ed54e6a9cd2a6d0fe156feb4934a4d95e585b55f4585577e195a5b"
dependencies = [
 "libc",
]

[[package]]
name = "libc"
version = "0.2.126"
source = "registry+https://github.com/rust-lang/crates.io-index"
checksum = "349d5a591cd28b49e1d1037471617a32ddcda5731b99419008085f72d5a53836"

[[package]]
name = "react_hooks_in_300_lines_rust"
version = "0.1.0"
dependencies = [
 "lazy_mut",
]
